
Microsoft Visual Studio Solution File, Format Version 12.00
# Visual Studio 15
Project("{FAE04EC0-301F-11D3-BF4B-00C04F79EFBC}") = "Assembly-CSharp", "Assembly-CSharp.csproj", "{C02647E6-F213-DF7C-A1BA-865BAD201337}"
EndProject
Global
	GlobalSection(SolutionConfigurationPlatforms) = preSolution
		Debug|Any CPU = Debug|Any CPU
		Release|Any CPU = Release|Any CPU
	EndGlobalSection
	GlobalSection(ProjectConfigurationPlatforms) = postSolution
		{C02647E6-F213-DF7C-A1BA-865BAD201337}.Debug|Any CPU.ActiveCfg = Debug|Any CPU
		{C02647E6-F213-DF7C-A1BA-865BAD201337}.Debug|Any CPU.Build.0 = Debug|Any CPU
		{C02647E6-F213-DF7C-A1BA-865BAD201337}.Release|Any CPU.ActiveCfg = Release|Any CPU
		{C02647E6-F213-DF7C-A1BA-865BAD201337}.Release|Any CPU.Build.0 = Release|Any CPU
	EndGlobalSection
	GlobalSection(SolutionProperties) = preSolution
		HideSolutionNode = FALSE
	EndGlobalSection
EndGlobal
